
Microsoft Visual Studio Solution File, Format Version 12.00
# Visual Studio Version 17
VisualStudioVersion = 17.0.31903.59
MinimumVisualStudioVersion = 10.0.40219.1
Project("{2150E333-8FDC-42A3-9474-1A3956D46DE8}") = "src", "src", "{30595E2C-D88F-4475-8AF9-613521E0AF8F}"
EndProject
Project("{FAE04EC0-301F-11D3-BF4B-00C04F79EFBC}") = "ApplicationInsights.AspNetCore", "src\ApplicationInsights.AspNetCore\ApplicationInsights.AspNetCore.csproj", "{A7689269-2DC2-4F3F-A2A6-5C1E3C6719CF}"
EndProject
Project("{2150E333-8FDC-42A3-9474-1A3956D46DE8}") = "Build", "Build", "{469740A6-605D-4A57-AF57-03EDFC631B79}"
	ProjectSection(SolutionItems) = preProject
		.pipelines/build.yml = .pipelines/build.yml
		LICENSE = LICENSE
		Directory.Build.props = Directory.Build.props
	EndProjectSection
EndProject
Global
	GlobalSection(SolutionConfigurationPlatforms) = preSolution
		Debug|Any CPU = Debug|Any CPU
		Release|Any CPU = Release|Any CPU
	EndGlobalSection
	GlobalSection(SolutionProperties) = preSolution
		HideSolutionNode = FALSE
	EndGlobalSection
	GlobalSection(ProjectConfigurationPlatforms) = postSolution
		{A7689269-2DC2-4F3F-A2A6-5C1E3C6719CF}.Debug|Any CPU.ActiveCfg = Debug|Any CPU
		{A7689269-2DC2-4F3F-A2A6-5C1E3C6719CF}.Debug|Any CPU.Build.0 = Debug|Any CPU
		{A7689269-2DC2-4F3F-A2A6-5C1E3C6719CF}.Release|Any CPU.ActiveCfg = Release|Any CPU
		{A7689269-2DC2-4F3F-A2A6-5C1E3C6719CF}.Release|Any CPU.Build.0 = Release|Any CPU
	EndGlobalSection
	GlobalSection(NestedProjects) = preSolution
		{A7689269-2DC2-4F3F-A2A6-5C1E3C6719CF} = {30595E2C-D88F-4475-8AF9-613521E0AF8F}
	EndGlobalSection
EndGlobal
